
Microsoft Visual Studio Solution File, Format Version 12.00
Project("{FAE04EC0-301F-11D3-BF4B-00C04F79EFBC}") = "probka", "probka\probka.csproj", "{1A5238E8-2613-47EA-B305-995F3FFC3701}"
EndProject
Global
	GlobalSection(SolutionConfigurationPlatforms) = preSolution
		Debug|Any CPU = Debug|Any CPU
		Release|Any CPU = Release|Any CPU
	EndGlobalSection
	GlobalSection(ProjectConfigurationPlatforms) = postSolution
		{1A5238E8-2613-47EA-B305-995F3FFC3701}.Debug|Any CPU.ActiveCfg = Debug|Any CPU
		{1A5238E8-2613-47EA-B305-995F3FFC3701}.Debug|Any CPU.Build.0 = Debug|Any CPU
		{1A5238E8-2613-47EA-B305-995F3FFC3701}.Release|Any CPU.ActiveCfg = Release|Any CPU
		{1A5238E8-2613-47EA-B305-995F3FFC3701}.Release|Any CPU.Build.0 = Release|Any CPU
	EndGlobalSection
EndGlobal
